// !$*UTF8*$!
{
	archiveVersion = 1;
	classes = {
	};
	objectVersion = 56;
	objects = {

/* Begin PBXBuildFile section */
		F322AD8F2B18E78D00AAA374 /* Split_FreeApp.swift in Sources */ = {isa = PBXBuildFile; fileRef = F322AD8E2B18E78D00AAA374 /* Split_FreeApp.swift */; };
		F322AD952B18E78E00AAA374 /* Assets.xcassets in Resources */ = {isa = PBXBuildFile; fileRef = F322AD942B18E78E00AAA374 /* Assets.xcassets */; };
		F322AD982B18E78E00AAA374 /* Preview Assets.xcassets in Resources */ = {isa = PBXBuildFile; fileRef = F322AD972B18E78E00AAA374 /* Preview Assets.xcassets */; };
		F322ADA42B18E78F00AAA374 /* Split_FreeTests.swift in Sources */ = {isa = PBXBuildFile; fileRef = F322ADA32B18E78F00AAA374 /* Split_FreeTests.swift */; };
		F322ADAE2B18E78F00AAA374 /* Split_FreeUITests.swift in Sources */ = {isa = PBXBuildFile; fileRef = F322ADAD2B18E78F00AAA374 /* Split_FreeUITests.swift */; };
		F322ADB02B18E78F00AAA374 /* Split_FreeUITestsLaunchTests.swift in Sources */ = {isa = PBXBuildFile; fileRef = F322ADAF2B18E78F00AAA374 /* Split_FreeUITestsLaunchTests.swift */; };
		F322ADBF2B18E88400AAA374 /* Bill.swift in Sources */ = {isa = PBXBuildFile; fileRef = F322ADBE2B18E88400AAA374 /* Bill.swift */; };
		F322ADC12B18E9A500AAA374 /* Group.swift in Sources */ = {isa = PBXBuildFile; fileRef = F322ADC02B18E9A500AAA374 /* Group.swift */; };
		F322ADC42B18EA3700AAA374 /* Person.swift in Sources */ = {isa = PBXBuildFile; fileRef = F322ADC32B18EA3700AAA374 /* Person.swift */; };
		F322ADC82B18EC0100AAA374 /* LoginView.swift in Sources */ = {isa = PBXBuildFile; fileRef = F322ADC72B18EC0100AAA374 /* LoginView.swift */; };
		F322ADCB2B18EC4400AAA374 /* GroupListView.swift in Sources */ = {isa = PBXBuildFile; fileRef = F322ADCA2B18EC4400AAA374 /* GroupListView.swift */; };
		F322ADCE2B18F26000AAA374 /* GroupDetailsView.swift in Sources */ = {isa = PBXBuildFile; fileRef = F322ADCD2B18F26000AAA374 /* GroupDetailsView.swift */; };
/* End PBXBuildFile section */

/* Begin PBXContainerItemProxy section */
		F322ADA02B18E78F00AAA374 /* PBXContainerItemProxy */ = {
			isa = PBXContainerItemProxy;
			containerPortal = F322AD832B18E78D00AAA374 /* Project object */;
			proxyType = 1;
			remoteGlobalIDString = F322AD8A2B18E78D00AAA374;
			remoteInfo = "Split\U0010Free";
		};
		F322ADAA2B18E78F00AAA374 /* PBXContainerItemProxy */ = {
			isa = PBXContainerItemProxy;
			containerPortal = F322AD832B18E78D00AAA374 /* Project object */;
			proxyType = 1;
			remoteGlobalIDString = F322AD8A2B18E78D00AAA374;
			remoteInfo = "Split\U0010Free";
		};
/* End PBXContainerItemProxy section */

/* Begin PBXFileReference section */
		F322AD8B2B18E78D00AAA374 /* SplitFree.app */ = {isa = PBXFileReference; explicitFileType = wrapper.application; includeInIndex = 0; path = "Split\U0010Free.app"; sourceTree = BUILT_PRODUCTS_DIR; };
		F322AD8E2B18E78D00AAA374 /* Split_FreeApp.swift */ = {isa = PBXFileReference; lastKnownFileType = sourcecode.swift; path = Split_FreeApp.swift; sourceTree = "<group>"; };
		F322AD942B18E78E00AAA374 /* Assets.xcassets */ = {isa = PBXFileReference; lastKnownFileType = folder.assetcatalog; path = Assets.xcassets; sourceTree = "<group>"; };
		F322AD972B18E78E00AAA374 /* Preview Assets.xcassets */ = {isa = PBXFileReference; lastKnownFileType = folder.assetcatalog; path = "Preview Assets.xcassets"; sourceTree = "<group>"; };
		F322AD992B18E78E00AAA374 /* Split_Free.entitlements */ = {isa = PBXFileReference; lastKnownFileType = text.plist.entitlements; path = Split_Free.entitlements; sourceTree = "<group>"; };
		F322AD9A2B18E78E00AAA374 /* Info.plist */ = {isa = PBXFileReference; lastKnownFileType = text.plist.xml; path = Info.plist; sourceTree = "<group>"; };
		F322AD9F2B18E78F00AAA374 /* SplitFreeTests.xctest */ = {isa = PBXFileReference; explicitFileType = wrapper.cfbundle; includeInIndex = 0; path = "Split\U0010FreeTests.xctest"; sourceTree = BUILT_PRODUCTS_DIR; };
		F322ADA32B18E78F00AAA374 /* Split_FreeTests.swift */ = {isa = PBXFileReference; lastKnownFileType = sourcecode.swift; path = Split_FreeTests.swift; sourceTree = "<group>"; };
		F322ADA92B18E78F00AAA374 /* SplitFreeUITests.xctest */ = {isa = PBXFileReference; explicitFileType = wrapper.cfbundle; includeInIndex = 0; path = "Split\U0010FreeUITests.xctest"; sourceTree = BUILT_PRODUCTS_DIR; };
		F322ADAD2B18E78F00AAA374 /* Split_FreeUITests.swift */ = {isa = PBXFileReference; lastKnownFileType = sourcecode.swift; path = Split_FreeUITests.swift; sourceTree = "<group>"; };
		F322ADAF2B18E78F00AAA374 /* Split_FreeUITestsLaunchTests.swift */ = {isa = PBXFileReference; lastKnownFileType = sourcecode.swift; path = Split_FreeUITestsLaunchTests.swift; sourceTree = "<group>"; };
		F322ADBE2B18E88400AAA374 /* Bill.swift */ = {isa = PBXFileReference; lastKnownFileType = sourcecode.swift; path = Bill.swift; sourceTree = "<group>"; };
		F322ADC02B18E9A500AAA374 /* Group.swift */ = {isa = PBXFileReference; lastKnownFileType = sourcecode.swift; path = Group.swift; sourceTree = "<group>"; };
		F322ADC32B18EA3700AAA374 /* Person.swift */ = {isa = PBXFileReference; lastKnownFileType = sourcecode.swift; path = Person.swift; sourceTree = "<group>"; };
		F322ADC72B18EC0100AAA374 /* LoginView.swift */ = {isa = PBXFileReference; lastKnownFileType = sourcecode.swift; path = LoginView.swift; sourceTree = "<group>"; };
		F322ADCA2B18EC4400AAA374 /* GroupListView.swift */ = {isa = PBXFileReference; lastKnownFileType = sourcecode.swift; path = GroupListView.swift; sourceTree = "<group>"; };
		F322ADCD2B18F26000AAA374 /* GroupDetailsView.swift */ = {isa = PBXFileReference; lastKnownFileType = sourcecode.swift; path = GroupDetailsView.swift; sourceTree = "<group>"; };
/* End PBXFileReference section */

/* Begin PBXFrameworksBuildPhase section */
		F322AD882B18E78D00AAA374 /* Frameworks */ = {
			isa = PBXFrameworksBuildPhase;
			buildActionMask = 2147483647;
			files = (
			);
			runOnlyForDeploymentPostprocessing = 0;
		};
		F322AD9C2B18E78F00AAA374 /* Frameworks */ = {
			isa = PBXFrameworksBuildPhase;
			buildActionMask = 2147483647;
			files = (
			);
			runOnlyForDeploymentPostprocessing = 0;
		};
		F322ADA62B18E78F00AAA374 /* Frameworks */ = {
			isa = PBXFrameworksBuildPhase;
			buildActionMask = 2147483647;
			files = (
			);
			runOnlyForDeploymentPostprocessing = 0;
		};
/* End PBXFrameworksBuildPhase section */

/* Begin PBXGroup section */
		F322AD822B18E78D00AAA374 = {
			isa = PBXGroup;
			children = (
				F322AD8D2B18E78D00AAA374 /* SplitFree */,
				F322ADA22B18E78F00AAA374 /* SplitFreeTests */,
				F322ADAC2B18E78F00AAA374 /* SplitFreeUITests */,
				F322AD8C2B18E78D00AAA374 /* Products */,
			);
			sourceTree = "<group>";
		};
		F322AD8C2B18E78D00AAA374 /* Products */ = {
			isa = PBXGroup;
			children = (
				F322AD8B2B18E78D00AAA374 /* SplitFree.app */,
				F322AD9F2B18E78F00AAA374 /* SplitFreeTests.xctest */,
				F322ADA92B18E78F00AAA374 /* SplitFreeUITests.xctest */,
			);
			name = Products;
			sourceTree = "<group>";
		};
		F322AD8D2B18E78D00AAA374 /* SplitFree */ = {
			isa = PBXGroup;
			children = (
				F322ADC52B18EBE800AAA374 /* Domain */,
				F322ADBD2B18E87300AAA374 /* Model */,
				F322AD8E2B18E78D00AAA374 /* Split_FreeApp.swift */,
				F322AD942B18E78E00AAA374 /* Assets.xcassets */,
				F322AD992B18E78E00AAA374 /* Split_Free.entitlements */,
				F322AD9A2B18E78E00AAA374 /* Info.plist */,
				F322AD962B18E78E00AAA374 /* Preview Content */,
			);
			path = "Split\U0010Free";
			sourceTree = "<group>";
		};
		F322AD962B18E78E00AAA374 /* Preview Content */ = {
			isa = PBXGroup;
			children = (
				F322AD972B18E78E00AAA374 /* Preview Assets.xcassets */,
			);
			path = "Preview Content";
			sourceTree = "<group>";
		};
		F322ADA22B18E78F00AAA374 /* SplitFreeTests */ = {
			isa = PBXGroup;
			children = (
				F322ADA32B18E78F00AAA374 /* Split_FreeTests.swift */,
			);
			path = "Split\U0010FreeTests";
			sourceTree = "<group>";
		};
		F322ADAC2B18E78F00AAA374 /* SplitFreeUITests */ = {
			isa = PBXGroup;
			children = (
				F322ADAD2B18E78F00AAA374 /* Split_FreeUITests.swift */,
				F322ADAF2B18E78F00AAA374 /* Split_FreeUITestsLaunchTests.swift */,
			);
			path = "Split\U0010FreeUITests";
			sourceTree = "<group>";
		};
		F322ADBD2B18E87300AAA374 /* Model */ = {
			isa = PBXGroup;
			children = (
				F322ADBE2B18E88400AAA374 /* Bill.swift */,
				F322ADC02B18E9A500AAA374 /* Group.swift */,
				F322ADC32B18EA3700AAA374 /* Person.swift */,
			);
			path = Model;
			sourceTree = "<group>";
		};
		F322ADC52B18EBE800AAA374 /* Domain */ = {
			isa = PBXGroup;
			children = (
				F322ADC92B18EC2B00AAA374 /* Groups */,
				F322ADC62B18EBF800AAA374 /* Login */,
			);
			path = Domain;
			sourceTree = "<group>";
		};
		F322ADC62B18EBF800AAA374 /* Login */ = {
			isa = PBXGroup;
			children = (
				F322ADC72B18EC0100AAA374 /* LoginView.swift */,
			);
			path = Login;
			sourceTree = "<group>";
		};
		F322ADC92B18EC2B00AAA374 /* Groups */ = {
			isa = PBXGroup;
			children = (
				F322ADCC2B18F25200AAA374 /* Details */,
				F322ADCA2B18EC4400AAA374 /* GroupListView.swift */,
			);
			path = Groups;
			sourceTree = "<group>";
		};
		F322ADCC2B18F25200AAA374 /* Details */ = {
			isa = PBXGroup;
			children = (
				F322ADCD2B18F26000AAA374 /* GroupDetailsView.swift */,
			);
			path = Details;
			sourceTree = "<group>";
		};
/* End PBXGroup section */

/* Begin PBXNativeTarget section */
		F322AD8A2B18E78D00AAA374 /* SplitFree */ = {
			isa = PBXNativeTarget;
			buildConfigurationList = F322ADB32B18E78F00AAA374 /* Build configuration list for PBXNativeTarget "SplitFree" */;
			buildPhases = (
				F322AD872B18E78D00AAA374 /* Sources */,
				F322AD882B18E78D00AAA374 /* Frameworks */,
				F322AD892B18E78D00AAA374 /* Resources */,
			);
			buildRules = (
			);
			dependencies = (
			);
			name = "Split\U0010Free";
			productName = "Split\U0010Free";
			productReference = F322AD8B2B18E78D00AAA374 /* SplitFree.app */;
			productType = "com.apple.product-type.application";
		};
		F322AD9E2B18E78F00AAA374 /* SplitFreeTests */ = {
			isa = PBXNativeTarget;
			buildConfigurationList = F322ADB62B18E78F00AAA374 /* Build configuration list for PBXNativeTarget "SplitFreeTests" */;
			buildPhases = (
				F322AD9B2B18E78F00AAA374 /* Sources */,
				F322AD9C2B18E78F00AAA374 /* Frameworks */,
				F322AD9D2B18E78F00AAA374 /* Resources */,
			);
			buildRules = (
			);
			dependencies = (
				F322ADA12B18E78F00AAA374 /* PBXTargetDependency */,
			);
			name = "Split\U0010FreeTests";
			productName = "Split\U0010FreeTests";
			productReference = F322AD9F2B18E78F00AAA374 /* SplitFreeTests.xctest */;
			productType = "com.apple.product-type.bundle.unit-test";
		};
		F322ADA82B18E78F00AAA374 /* SplitFreeUITests */ = {
			isa = PBXNativeTarget;
			buildConfigurationList = F322ADB92B18E78F00AAA374 /* Build configuration list for PBXNativeTarget "SplitFreeUITests" */;
			buildPhases = (
				F322ADA52B18E78F00AAA374 /* Sources */,
				F322ADA62B18E78F00AAA374 /* Frameworks */,
				F322ADA72B18E78F00AAA374 /* Resources */,
			);
			buildRules = (
			);
			dependencies = (
				F322ADAB2B18E78F00AAA374 /* PBXTargetDependency */,
			);
			name = "Split\U0010FreeUITests";
			productName = "Split\U0010FreeUITests";
			productReference = F322ADA92B18E78F00AAA374 /* SplitFreeUITests.xctest */;
			productType = "com.apple.product-type.bundle.ui-testing";
		};
/* End PBXNativeTarget section */

/* Begin PBXProject section */
		F322AD832B18E78D00AAA374 /* Project object */ = {
			isa = PBXProject;
			attributes = {
				BuildIndependentTargetsInParallel = 1;
				LastSwiftUpdateCheck = 1500;
				LastUpgradeCheck = 1500;
				TargetAttributes = {
					F322AD8A2B18E78D00AAA374 = {
						CreatedOnToolsVersion = 15.0.1;
					};
					F322AD9E2B18E78F00AAA374 = {
						CreatedOnToolsVersion = 15.0.1;
						TestTargetID = F322AD8A2B18E78D00AAA374;
					};
					F322ADA82B18E78F00AAA374 = {
						CreatedOnToolsVersion = 15.0.1;
						TestTargetID = F322AD8A2B18E78D00AAA374;
					};
				};
			};
			buildConfigurationList = F322AD862B18E78D00AAA374 /* Build configuration list for PBXProject "SplitFree" */;
			compatibilityVersion = "Xcode 14.0";
			developmentRegion = en;
			hasScannedForEncodings = 0;
			knownRegions = (
				en,
				Base,
			);
			mainGroup = F322AD822B18E78D00AAA374;
			productRefGroup = F322AD8C2B18E78D00AAA374 /* Products */;
			projectDirPath = "";
			projectRoot = "";
			targets = (
				F322AD8A2B18E78D00AAA374 /* SplitFree */,
				F322AD9E2B18E78F00AAA374 /* SplitFreeTests */,
				F322ADA82B18E78F00AAA374 /* SplitFreeUITests */,
			);
		};
/* End PBXProject section */

/* Begin PBXResourcesBuildPhase section */
		F322AD892B18E78D00AAA374 /* Resources */ = {
			isa = PBXResourcesBuildPhase;
			buildActionMask = 2147483647;
			files = (
				F322AD982B18E78E00AAA374 /* Preview Assets.xcassets in Resources */,
				F322AD952B18E78E00AAA374 /* Assets.xcassets in Resources */,
			);
			runOnlyForDeploymentPostprocessing = 0;
		};
		F322AD9D2B18E78F00AAA374 /* Resources */ = {
			isa = PBXResourcesBuildPhase;
			buildActionMask = 2147483647;
			files = (
			);
			runOnlyForDeploymentPostprocessing = 0;
		};
		F322ADA72B18E78F00AAA374 /* Resources */ = {
			isa = PBXResourcesBuildPhase;
			buildActionMask = 2147483647;
			files = (
			);
			runOnlyForDeploymentPostprocessing = 0;
		};
/* End PBXResourcesBuildPhase section */

/* Begin PBXSourcesBuildPhase section */
		F322AD872B18E78D00AAA374 /* Sources */ = {
			isa = PBXSourcesBuildPhase;
			buildActionMask = 2147483647;
			files = (
				F322ADC42B18EA3700AAA374 /* Person.swift in Sources */,
				F322ADC82B18EC0100AAA374 /* LoginView.swift in Sources */,
				F322ADCB2B18EC4400AAA374 /* GroupListView.swift in Sources */,
				F322ADCE2B18F26000AAA374 /* GroupDetailsView.swift in Sources */,
				F322ADBF2B18E88400AAA374 /* Bill.swift in Sources */,
				F322ADC12B18E9A500AAA374 /* Group.swift in Sources */,
				F322AD8F2B18E78D00AAA374 /* Split_FreeApp.swift in Sources */,
			);
			runOnlyForDeploymentPostprocessing = 0;
		};
		F322AD9B2B18E78F00AAA374 /* Sources */ = {
			isa = PBXSourcesBuildPhase;
			buildActionMask = 2147483647;
			files = (
				F322ADA42B18E78F00AAA374 /* Split_FreeTests.swift in Sources */,
			);
			runOnlyForDeploymentPostprocessing = 0;
		};
		F322ADA52B18E78F00AAA374 /* Sources */ = {
			isa = PBXSourcesBuildPhase;
			buildActionMask = 2147483647;
			files = (
				F322ADAE2B18E78F00AAA374 /* Split_FreeUITests.swift in Sources */,
				F322ADB02B18E78F00AAA374 /* Split_FreeUITestsLaunchTests.swift in Sources */,
			);
			runOnlyForDeploymentPostprocessing = 0;
		};
/* End PBXSourcesBuildPhase section */

/* Begin PBXTargetDependency section */
		F322ADA12B18E78F00AAA374 /* PBXTargetDependency */ = {
			isa = PBXTargetDependency;
			target = F322AD8A2B18E78D00AAA374 /* SplitFree */;
			targetProxy = F322ADA02B18E78F00AAA374 /* PBXContainerItemProxy */;
		};
		F322ADAB2B18E78F00AAA374 /* PBXTargetDependency */ = {
			isa = PBXTargetDependency;
			target = F322AD8A2B18E78D00AAA374 /* SplitFree */;
			targetProxy = F322ADAA2B18E78F00AAA374 /* PBXContainerItemProxy */;
		};
/* End PBXTargetDependency section */

/* Begin XCBuildConfiguration section */
		F322ADB12B18E78F00AAA374 /* Debug */ = {
			isa = XCBuildConfiguration;
			buildSettings = {
				ALWAYS_SEARCH_USER_PATHS = NO;
				ASSETCATALOG_COMPILER_GENERATE_SWIFT_ASSET_SYMBOL_EXTENSIONS = YES;
				CLANG_ANALYZER_NONNULL = YES;
				CLANG_ANALYZER_NUMBER_OBJECT_CONVERSION = YES_AGGRESSIVE;
				CLANG_CXX_LANGUAGE_STANDARD = "gnu++20";
				CLANG_ENABLE_MODULES = YES;
				CLANG_ENABLE_OBJC_ARC = YES;
				CLANG_ENABLE_OBJC_WEAK = YES;
				CLANG_WARN_BLOCK_CAPTURE_AUTORELEASING = YES;
				CLANG_WARN_BOOL_CONVERSION = YES;
				CLANG_WARN_COMMA = YES;
				CLANG_WARN_CONSTANT_CONVERSION = YES;
				CLANG_WARN_DEPRECATED_OBJC_IMPLEMENTATIONS = YES;
				CLANG_WARN_DIRECT_OBJC_ISA_USAGE = YES_ERROR;
				CLANG_WARN_DOCUMENTATION_COMMENTS = YES;
				CLANG_WARN_EMPTY_BODY = YES;
				CLANG_WARN_ENUM_CONVERSION = YES;
				CLANG_WARN_INFINITE_RECURSION = YES;
				CLANG_WARN_INT_CONVERSION = YES;
				CLANG_WARN_NON_LITERAL_NULL_CONVERSION = YES;
				CLANG_WARN_OBJC_IMPLICIT_RETAIN_SELF = YES;
				CLANG_WARN_OBJC_LITERAL_CONVERSION = YES;
				CLANG_WARN_OBJC_ROOT_CLASS = YES_ERROR;
				CLANG_WARN_QUOTED_INCLUDE_IN_FRAMEWORK_HEADER = YES;
				CLANG_WARN_RANGE_LOOP_ANALYSIS = YES;
				CLANG_WARN_STRICT_PROTOTYPES = YES;
				CLANG_WARN_SUSPICIOUS_MOVE = YES;
				CLANG_WARN_UNGUARDED_AVAILABILITY = YES_AGGRESSIVE;
				CLANG_WARN_UNREACHABLE_CODE = YES;
				CLANG_WARN__DUPLICATE_METHOD_MATCH = YES;
				COPY_PHASE_STRIP = NO;
				DEBUG_INFORMATION_FORMAT = dwarf;
				ENABLE_STRICT_OBJC_MSGSEND = YES;
				ENABLE_TESTABILITY = YES;
				ENABLE_USER_SCRIPT_SANDBOXING = YES;
				GCC_C_LANGUAGE_STANDARD = gnu17;
				GCC_DYNAMIC_NO_PIC = NO;
				GCC_NO_COMMON_BLOCKS = YES;
				GCC_OPTIMIZATION_LEVEL = 0;
				GCC_PREPROCESSOR_DEFINITIONS = (
					"DEBUG=1",
					"$(inherited)",
				);
				GCC_WARN_64_TO_32_BIT_CONVERSION = YES;
				GCC_WARN_ABOUT_RETURN_TYPE = YES_ERROR;
				GCC_WARN_UNDECLARED_SELECTOR = YES;
				GCC_WARN_UNINITIALIZED_AUTOS = YES_AGGRESSIVE;
				GCC_WARN_UNUSED_FUNCTION = YES;
				GCC_WARN_UNUSED_VARIABLE = YES;
				IPHONEOS_DEPLOYMENT_TARGET = 17.0;
				LOCALIZATION_PREFERS_STRING_CATALOGS = YES;
				MTL_ENABLE_DEBUG_INFO = INCLUDE_SOURCE;
				MTL_FAST_MATH = YES;
				ONLY_ACTIVE_ARCH = YES;
				SDKROOT = iphoneos;
				SWIFT_ACTIVE_COMPILATION_CONDITIONS = "DEBUG $(inherited)";
				SWIFT_OPTIMIZATION_LEVEL = "-Onone";
			};
			name = Debug;
		};
		F322ADB22B18E78F00AAA374 /* Release */ = {
			isa = XCBuildConfiguration;
			buildSettings = {
				ALWAYS_SEARCH_USER_PATHS = NO;
				ASSETCATALOG_COMPILER_GENERATE_SWIFT_ASSET_SYMBOL_EXTENSIONS = YES;
				CLANG_ANALYZER_NONNULL = YES;
				CLANG_ANALYZER_NUMBER_OBJECT_CONVERSION = YES_AGGRESSIVE;
				CLANG_CXX_LANGUAGE_STANDARD = "gnu++20";
				CLANG_ENABLE_MODULES = YES;
				CLANG_ENABLE_OBJC_ARC = YES;
				CLANG_ENABLE_OBJC_WEAK = YES;
				CLANG_WARN_BLOCK_CAPTURE_AUTORELEASING = YES;
				CLANG_WARN_BOOL_CONVERSION = YES;
				CLANG_WARN_COMMA = YES;
				CLANG_WARN_CONSTANT_CONVERSION = YES;
				CLANG_WARN_DEPRECATED_OBJC_IMPLEMENTATIONS = YES;
				CLANG_WARN_DIRECT_OBJC_ISA_USAGE = YES_ERROR;
				CLANG_WARN_DOCUMENTATION_COMMENTS = YES;
				CLANG_WARN_EMPTY_BODY = YES;
				CLANG_WARN_ENUM_CONVERSION = YES;
				CLANG_WARN_INFINITE_RECURSION = YES;
				CLANG_WARN_INT_CONVERSION = YES;
				CLANG_WARN_NON_LITERAL_NULL_CONVERSION = YES;
				CLANG_WARN_OBJC_IMPLICIT_RETAIN_SELF = YES;
				CLANG_WARN_OBJC_LITERAL_CONVERSION = YES;
				CLANG_WARN_OBJC_ROOT_CLASS = YES_ERROR;
				CLANG_WARN_QUOTED_INCLUDE_IN_FRAMEWORK_HEADER = YES;
				CLANG_WARN_RANGE_LOOP_ANALYSIS = YES;
				CLANG_WARN_STRICT_PROTOTYPES = YES;
				CLANG_WARN_SUSPICIOUS_MOVE = YES;
				CLANG_WARN_UNGUARDED_AVAILABILITY = YES_AGGRESSIVE;
				CLANG_WARN_UNREACHABLE_CODE = YES;
				CLANG_WARN__DUPLICATE_METHOD_MATCH = YES;
				COPY_PHASE_STRIP = NO;
				DEBUG_INFORMATION_FORMAT = "dwarf-with-dsym";
				ENABLE_NS_ASSERTIONS = NO;
				ENABLE_STRICT_OBJC_MSGSEND = YES;
				ENABLE_USER_SCRIPT_SANDBOXING = YES;
				GCC_C_LANGUAGE_STANDARD = gnu17;
				GCC_NO_COMMON_BLOCKS = YES;
				GCC_WARN_64_TO_32_BIT_CONVERSION = YES;
				GCC_WARN_ABOUT_RETURN_TYPE = YES_ERROR;
				GCC_WARN_UNDECLARED_SELECTOR = YES;
				GCC_WARN_UNINITIALIZED_AUTOS = YES_AGGRESSIVE;
				GCC_WARN_UNUSED_FUNCTION = YES;
				GCC_WARN_UNUSED_VARIABLE = YES;
				IPHONEOS_DEPLOYMENT_TARGET = 17.0;
				LOCALIZATION_PREFERS_STRING_CATALOGS = YES;
				MTL_ENABLE_DEBUG_INFO = NO;
				MTL_FAST_MATH = YES;
				SDKROOT = iphoneos;
				SWIFT_COMPILATION_MODE = wholemodule;
				VALIDATE_PRODUCT = YES;
			};
			name = Release;
		};
		F322ADB42B18E78F00AAA374 /* Debug */ = {
			isa = XCBuildConfiguration;
			buildSettings = {
				ASSETCATALOG_COMPILER_APPICON_NAME = AppIcon;
				ASSETCATALOG_COMPILER_GLOBAL_ACCENT_COLOR_NAME = AccentColor;
				CODE_SIGN_ENTITLEMENTS = "Split\U0010Free/Split_Free.entitlements";
				CODE_SIGN_STYLE = Automatic;
				CURRENT_PROJECT_VERSION = 1;
				DEVELOPMENT_TEAM = 9FRSUW2E44;
				ENABLE_PREVIEWS = YES;
				GENERATE_INFOPLIST_FILE = YES;
				INFOPLIST_FILE = "Split\U0010Free/Info.plist";
				INFOPLIST_KEY_UIApplicationSceneManifest_Generation = YES;
				INFOPLIST_KEY_UIApplicationSupportsIndirectInputEvents = YES;
				INFOPLIST_KEY_UILaunchScreen_Generation = YES;
				INFOPLIST_KEY_UISupportedInterfaceOrientations_iPad = "UIInterfaceOrientationPortrait UIInterfaceOrientationPortraitUpsideDown UIInterfaceOrientationLandscapeLeft UIInterfaceOrientationLandscapeRight";
				INFOPLIST_KEY_UISupportedInterfaceOrientations_iPhone = "UIInterfaceOrientationPortrait UIInterfaceOrientationLandscapeLeft UIInterfaceOrientationLandscapeRight";
				LD_RUNPATH_SEARCH_PATHS = (
					"$(inherited)",
					"@executable_path/Frameworks",
				);
				MARKETING_VERSION = 1.0;
				PRODUCT_BUNDLE_IDENTIFIER = "com.gouveia.Split-Free";
				PRODUCT_NAME = "$(TARGET_NAME)";
				SWIFT_EMIT_LOC_STRINGS = YES;
				SWIFT_VERSION = 5.0;
				TARGETED_DEVICE_FAMILY = "1,2";
			};
			name = Debug;
		};
		F322ADB52B18E78F00AAA374 /* Release */ = {
			isa = XCBuildConfiguration;
			buildSettings = {
				ASSETCATALOG_COMPILER_APPICON_NAME = AppIcon;
				ASSETCATALOG_COMPILER_GLOBAL_ACCENT_COLOR_NAME = AccentColor;
				CODE_SIGN_ENTITLEMENTS = "Split\U0010Free/Split_Free.entitlements";
				CODE_SIGN_STYLE = Automatic;
				CURRENT_PROJECT_VERSION = 1;
				DEVELOPMENT_TEAM = 9FRSUW2E44;
				ENABLE_PREVIEWS = YES;
				GENERATE_INFOPLIST_FILE = YES;
				INFOPLIST_FILE = "Split\U0010Free/Info.plist";
				INFOPLIST_KEY_UIApplicationSceneManifest_Generation = YES;
				INFOPLIST_KEY_UIApplicationSupportsIndirectInputEvents = YES;
				INFOPLIST_KEY_UILaunchScreen_Generation = YES;
				INFOPLIST_KEY_UISupportedInterfaceOrientations_iPad = "UIInterfaceOrientationPortrait UIInterfaceOrientationPortraitUpsideDown UIInterfaceOrientationLandscapeLeft UIInterfaceOrientationLandscapeRight";
				INFOPLIST_KEY_UISupportedInterfaceOrientations_iPhone = "UIInterfaceOrientationPortrait UIInterfaceOrientationLandscapeLeft UIInterfaceOrientationLandscapeRight";
				LD_RUNPATH_SEARCH_PATHS = (
					"$(inherited)",
					"@executable_path/Frameworks",
				);
				MARKETING_VERSION = 1.0;
				PRODUCT_BUNDLE_IDENTIFIER = "com.gouveia.Split-Free";
				PRODUCT_NAME = "$(TARGET_NAME)";
				SWIFT_EMIT_LOC_STRINGS = YES;
				SWIFT_VERSION = 5.0;
				TARGETED_DEVICE_FAMILY = "1,2";
			};
			name = Release;
		};
		F322ADB72B18E78F00AAA374 /* Debug */ = {
			isa = XCBuildConfiguration;
			buildSettings = {
				ALWAYS_EMBED_SWIFT_STANDARD_LIBRARIES = YES;
				BUNDLE_LOADER = "$(TEST_HOST)";
				CODE_SIGN_STYLE = Automatic;
				CURRENT_PROJECT_VERSION = 1;
				DEVELOPMENT_TEAM = 9FRSUW2E44;
				GENERATE_INFOPLIST_FILE = YES;
				IPHONEOS_DEPLOYMENT_TARGET = 17.0;
				MARKETING_VERSION = 1.0;
				PRODUCT_BUNDLE_IDENTIFIER = "com.gouveia.Split-FreeTests";
				PRODUCT_NAME = "$(TARGET_NAME)";
				SWIFT_EMIT_LOC_STRINGS = NO;
				SWIFT_VERSION = 5.0;
				TARGETED_DEVICE_FAMILY = "1,2";
				TEST_HOST = "$(BUILT_PRODUCTS_DIR)/Split\U0010Free.app/$(BUNDLE_EXECUTABLE_FOLDER_PATH)/Split\U0010Free";
			};
			name = Debug;
		};
		F322ADB82B18E78F00AAA374 /* Release */ = {
			isa = XCBuildConfiguration;
			buildSettings = {
				ALWAYS_EMBED_SWIFT_STANDARD_LIBRARIES = YES;
				BUNDLE_LOADER = "$(TEST_HOST)";
				CODE_SIGN_STYLE = Automatic;
				CURRENT_PROJECT_VERSION = 1;
				DEVELOPMENT_TEAM = 9FRSUW2E44;
				GENERATE_INFOPLIST_FILE = YES;
				IPHONEOS_DEPLOYMENT_TARGET = 17.0;
				MARKETING_VERSION = 1.0;
				PRODUCT_BUNDLE_IDENTIFIER = "com.gouveia.Split-FreeTests";
				PRODUCT_NAME = "$(TARGET_NAME)";
				SWIFT_EMIT_LOC_STRINGS = NO;
				SWIFT_VERSION = 5.0;
				TARGETED_DEVICE_FAMILY = "1,2";
				TEST_HOST = "$(BUILT_PRODUCTS_DIR)/Split\U0010Free.app/$(BUNDLE_EXECUTABLE_FOLDER_PATH)/Split\U0010Free";
			};
			name = Release;
		};
		F322ADBA2B18E78F00AAA374 /* Debug */ = {
			isa = XCBuildConfiguration;
			buildSettings = {
				ALWAYS_EMBED_SWIFT_STANDARD_LIBRARIES = YES;
				CODE_SIGN_STYLE = Automatic;
				CURRENT_PROJECT_VERSION = 1;
				DEVELOPMENT_TEAM = 9FRSUW2E44;
				GENERATE_INFOPLIST_FILE = YES;
				MARKETING_VERSION = 1.0;
				PRODUCT_BUNDLE_IDENTIFIER = "com.gouveia.Split-FreeUITests";
				PRODUCT_NAME = "$(TARGET_NAME)";
				SWIFT_EMIT_LOC_STRINGS = NO;
				SWIFT_VERSION = 5.0;
				TARGETED_DEVICE_FAMILY = "1,2";
				TEST_TARGET_NAME = "Split\U0010Free";
			};
			name = Debug;
		};
		F322ADBB2B18E78F00AAA374 /* Release */ = {
			isa = XCBuildConfiguration;
			buildSettings = {
				ALWAYS_EMBED_SWIFT_STANDARD_LIBRARIES = YES;
				CODE_SIGN_STYLE = Automatic;
				CURRENT_PROJECT_VERSION = 1;
				DEVELOPMENT_TEAM = 9FRSUW2E44;
				GENERATE_INFOPLIST_FILE = YES;
				MARKETING_VERSION = 1.0;
				PRODUCT_BUNDLE_IDENTIFIER = "com.gouveia.Split-FreeUITests";
				PRODUCT_NAME = "$(TARGET_NAME)";
				SWIFT_EMIT_LOC_STRINGS = NO;
				SWIFT_VERSION = 5.0;
				TARGETED_DEVICE_FAMILY = "1,2";
				TEST_TARGET_NAME = "Split\U0010Free";
			};
			name = Release;
		};
/* End XCBuildConfiguration section */

/* Begin XCConfigurationList section */
		F322AD862B18E78D00AAA374 /* Build configuration list for PBXProject "SplitFree" */ = {
			isa = XCConfigurationList;
			buildConfigurations = (
				F322ADB12B18E78F00AAA374 /* Debug */,
				F322ADB22B18E78F00AAA374 /* Release */,
			);
			defaultConfigurationIsVisible = 0;
			defaultConfigurationName = Release;
		};
		F322ADB32B18E78F00AAA374 /* Build configuration list for PBXNativeTarget "SplitFree" */ = {
			isa = XCConfigurationList;
			buildConfigurations = (
				F322ADB42B18E78F00AAA374 /* Debug */,
				F322ADB52B18E78F00AAA374 /* Release */,
			);
			defaultConfigurationIsVisible = 0;
			defaultConfigurationName = Release;
		};
		F322ADB62B18E78F00AAA374 /* Build configuration list for PBXNativeTarget "SplitFreeTests" */ = {
			isa = XCConfigurationList;
			buildConfigurations = (
				F322ADB72B18E78F00AAA374 /* Debug */,
				F322ADB82B18E78F00AAA374 /* Release */,
			);
			defaultConfigurationIsVisible = 0;
			defaultConfigurationName = Release;
		};
		F322ADB92B18E78F00AAA374 /* Build configuration list for PBXNativeTarget "SplitFreeUITests" */ = {
			isa = XCConfigurationList;
			buildConfigurations = (
				F322ADBA2B18E78F00AAA374 /* Debug */,
				F322ADBB2B18E78F00AAA374 /* Release */,
			);
			defaultConfigurationIsVisible = 0;
			defaultConfigurationName = Release;
		};
/* End XCConfigurationList section */
	};
	rootObject = F322AD832B18E78D00AAA374 /* Project object */;
}
